{
  "version": 4,
  "terraform_version": "1.5.7",
  "serial": 12,
  "lineage": "67b8c1ae-f893-8983-a11d-849c508a5bef",
  "outputs": {
    "cognito_client_id": {
      "value": "4lt5o3071l37jh4s18liilsp4m",
      "type": "string"
    },
    "cognito_client_secret": {
      "value": "",
      "type": "string",
      "sensitive": true
    },
    "cognito_domain": {
      "value": "vanessa-mudanca-auth-prod.auth.sa-east-1.amazoncognito.com",
      "type": "string"
    },
    "cognito_issuer_url": {
      "value": "https://cognito-idp.sa-east-1.amazonaws.com/sa-east-1_hXX8OVC7K",
      "type": "string"
    },
    "cognito_jwks_uri": {
      "value": "https://cognito-idp.sa-east-1.amazonaws.com/sa-east-1_hXX8OVC7K/.well-known/jwks.json",
      "type": "string"
    },
    "cognito_m2m_venda_core_client_id": {
      "value": "41u8or3q6id9nm8395qvl214j",
      "type": "string"
    },
    "cognito_m2m_venda_core_client_secret": {
      "value": "ei44vao0m1mfhf9rb8064vo56mdf5m2ig9q0tu0ur6lsdb1tius",
      "type": "string",
      "sensitive": true
    },
    "cognito_resource_server_cliente_core_identifier": {
      "value": "cliente-core",
      "type": "string"
    },
    "cognito_resource_server_cliente_core_scopes": {
      "value": [
        "cliente-core/read",
        "cliente-core/write"
      ],
      "type": [
        "tuple",
        [
          "string",
          "string"
        ]
      ]
    },
    "cognito_token_uri": {
      "value": "https://vanessa-mudanca-auth-prod.auth.sa-east-1.amazoncognito.com/oauth2/token",
      "type": "string"
    },
    "cognito_user_pool_arn": {
      "value": "arn:aws:cognito-idp:sa-east-1:530184476864:userpool/sa-east-1_hXX8OVC7K",
      "type": "string"
    },
    "cognito_user_pool_endpoint": {
      "value": "cognito-idp.sa-east-1.amazonaws.com/sa-east-1_hXX8OVC7K",
      "type": "string"
    },
    "cognito_user_pool_id": {
      "value": "sa-east-1_hXX8OVC7K",
      "type": "string"
    },
    "secrets_manager_venda_core_m2m_arn": {
      "value": "arn:aws:secretsmanager:sa-east-1:530184476864:secret:venda-core/prod/cognito-m2m-jwabsD",
      "type": "string"
    },
    "secrets_manager_venda_core_m2m_name": {
      "value": "venda-core/prod/cognito-m2m",
      "type": "string"
    }
  },
  "resources": [
    {
      "mode": "managed",
      "type": "aws_cognito_resource_server",
      "name": "cliente_core",
      "provider": "provider[\"registry.terraform.io/hashicorp/aws\"]",
      "instances": [
        {
          "schema_version": 0,
          "attributes": {
            "id": "sa-east-1_hXX8OVC7K|cliente-core",
            "identifier": "cliente-core",
            "name": "Cliente Core API",
            "scope": [
              {
                "scope_description": "Read access to cliente-core API",
                "scope_name": "read"
              },
              {
                "scope_description": "Write access to cliente-core API",
                "scope_name": "write"
              }
            ],
            "scope_identifiers": [
              "cliente-core/read",
              "cliente-core/write"
            ],
            "user_pool_id": "sa-east-1_hXX8OVC7K"
          },
          "sensitive_attributes": [],
          "private": "eyJzY2hlbWFfdmVyc2lvbiI6IjAifQ=="
        }
      ]
    },
    {
      "mode": "managed",
      "type": "aws_cognito_user_group",
      "name": "admin",
      "provider": "provider[\"registry.terraform.io/hashicorp/aws\"]",
      "instances": [
        {
          "schema_version": 0,
          "attributes": {
            "description": "Administradores do sistema - Full access",
            "id": "sa-east-1_hXX8OVC7K/ADMIN",
            "name": "ADMIN",
            "precedence": 1,
            "role_arn": "",
            "user_pool_id": "sa-east-1_hXX8OVC7K"
          },
          "sensitive_attributes": [],
          "private": "bnVsbA==",
          "dependencies": [
            "aws_cognito_user_pool.main"
          ]
        }
      ]
    },
    {
      "mode": "managed",
      "type": "aws_cognito_user_group",
      "name": "customer",
      "provider": "provider[\"registry.terraform.io/hashicorp/aws\"]",
      "instances": [
        {
          "schema_version": 0,
          "attributes": {
            "description": "Clientes - Ver apenas próprio cadastro",
            "id": "sa-east-1_hXX8OVC7K/CUSTOMER",
            "name": "CUSTOMER",
            "precedence": 10,
            "role_arn": "",
            "user_pool_id": "sa-east-1_hXX8OVC7K"
          },
          "sensitive_attributes": [],
          "private": "bnVsbA==",
          "dependencies": [
            "aws_cognito_user_pool.main"
          ]
        }
      ]
    },
    {
      "mode": "managed",
      "type": "aws_cognito_user_group",
      "name": "employee",
      "provider": "provider[\"registry.terraform.io/hashicorp/aws\"]",
      "instances": [
        {
          "schema_version": 0,
          "attributes": {
            "description": "Funcionários - CRUD clientes",
            "id": "sa-east-1_hXX8OVC7K/EMPLOYEE",
            "name": "EMPLOYEE",
            "precedence": 5,
            "role_arn": "",
            "user_pool_id": "sa-east-1_hXX8OVC7K"
          },
          "sensitive_attributes": [],
          "private": "bnVsbA==",
          "dependencies": [
            "aws_cognito_user_pool.main"
          ]
        }
      ]
    },
    {
      "mode": "managed",
      "type": "aws_cognito_user_pool",
      "name": "main",
      "provider": "provider[\"registry.terraform.io/hashicorp/aws\"]",
      "instances": [
        {
          "schema_version": 0,
          "attributes": {
            "account_recovery_setting": [
              {
                "recovery_mechanism": [
                  {
                    "name": "verified_email",
                    "priority": 1
                  }
                ]
              }
            ],
            "admin_create_user_config": [
              {
                "allow_admin_create_user_only": false,
                "invite_message_template": []
              }
            ],
            "alias_attributes": null,
            "arn": "arn:aws:cognito-idp:sa-east-1:530184476864:userpool/sa-east-1_hXX8OVC7K",
            "auto_verified_attributes": [
              "email"
            ],
            "creation_date": "2025-11-05T21:21:44Z",
            "custom_domain": "",
            "deletion_protection": "INACTIVE",
            "device_configuration": [],
            "domain": "",
            "email_configuration": [
              {
                "configuration_set": "",
                "email_sending_account": "COGNITO_DEFAULT",
                "from_email_address": "",
                "reply_to_email_address": "",
                "source_arn": ""
              }
            ],
            "email_mfa_configuration": [],
            "email_verification_message": "",
            "email_verification_subject": "",
            "endpoint": "cognito-idp.sa-east-1.amazonaws.com/sa-east-1_hXX8OVC7K",
            "estimated_number_of_users": 0,
            "id": "sa-east-1_hXX8OVC7K",
            "lambda_config": [],
            "last_modified_date": "2025-11-05T21:21:44Z",
            "mfa_configuration": "OFF",
            "name": "vanessa-mudanca-users-prod",
            "password_policy": [
              {
                "minimum_length": 8,
                "password_history_size": 0,
                "require_lowercase": true,
                "require_numbers": true,
                "require_symbols": true,
                "require_uppercase": true,
                "temporary_password_validity_days": 7
              }
            ],
            "schema": [
              {
                "attribute_data_type": "String",
                "developer_only_attribute": false,
                "mutable": true,
                "name": "role",
                "number_attribute_constraints": [],
                "required": null,
                "string_attribute_constraints": [
                  {
                    "max_length": "50",
                    "min_length": "1"
                  }
                ]
              },
              {
                "attribute_data_type": "String",
                "developer_only_attribute": null,
                "mutable": true,
                "name": "email",
                "number_attribute_constraints": [],
                "required": true,
                "string_attribute_constraints": [
                  {
                    "max_length": "255",
                    "min_length": "5"
                  }
                ]
              },
              {
                "attribute_data_type": "String",
                "developer_only_attribute": null,
                "mutable": true,
                "name": "name",
                "number_attribute_constraints": [],
                "required": true,
                "string_attribute_constraints": [
                  {
                    "max_length": "255",
                    "min_length": "1"
                  }
                ]
              }
            ],
            "sign_in_policy": [
              {
                "allowed_first_auth_factors": [
                  "PASSWORD"
                ]
              }
            ],
            "sms_authentication_message": "",
            "sms_configuration": [],
            "sms_verification_message": "",
            "software_token_mfa_configuration": [],
            "tags": {
              "Name": "vanessa-mudanca-user-pool-prod"
            },
            "tags_all": {
              "Environment": "prod",
              "Layer": "shared",
              "ManagedBy": "Terraform",
              "Name": "vanessa-mudanca-user-pool-prod",
              "Project": "va-nessa-mudanca"
            },
            "user_attribute_update_settings": [],
            "user_pool_add_ons": [],
            "user_pool_tier": "ESSENTIALS",
            "username_attributes": [
              "email"
            ],
            "username_configuration": [],
            "verification_message_template": [
              {
                "default_email_option": "CONFIRM_WITH_CODE",
                "email_message": "",
                "email_message_by_link": "",
                "email_subject": "",
                "email_subject_by_link": "",
                "sms_message": ""
              }
            ],
            "web_authn_configuration": []
          },
          "sensitive_attributes": [],
          "private": "bnVsbA=="
        }
      ]
    },
    {
      "mode": "managed",
      "type": "aws_cognito_user_pool_client",
      "name": "venda_core_m2m",
      "provider": "provider[\"registry.terraform.io/hashicorp/aws\"]",
      "instances": [
        {
          "schema_version": 0,
          "attributes": {
            "access_token_validity": 1,
            "allowed_oauth_flows": [
              "client_credentials"
            ],
            "allowed_oauth_flows_user_pool_client": true,
            "allowed_oauth_scopes": [
              "cliente-core/read",
              "cliente-core/write"
            ],
            "analytics_configuration": [],
            "auth_session_validity": 3,
            "callback_urls": [],
            "client_secret": "ei44vao0m1mfhf9rb8064vo56mdf5m2ig9q0tu0ur6lsdb1tius",
            "default_redirect_uri": "",
            "enable_propagate_additional_user_context_data": false,
            "enable_token_revocation": true,
            "explicit_auth_flows": [],
            "generate_secret": null,
            "id": "41u8or3q6id9nm8395qvl214j",
            "id_token_validity": 0,
            "logout_urls": [],
            "name": "venda-core-m2m",
            "prevent_user_existence_errors": "",
            "read_attributes": [],
            "refresh_token_rotation": [],
            "refresh_token_validity": 30,
            "supported_identity_providers": [],
            "token_validity_units": [
              {
                "access_token": "hours",
                "id_token": null,
                "refresh_token": null
              }
            ],
            "user_pool_id": "sa-east-1_hXX8OVC7K",
            "write_attributes": []
          },
          "sensitive_attributes": []
        }
      ]
    },
    {
      "mode": "managed",
      "type": "aws_cognito_user_pool_client",
      "name": "web_client",
      "provider": "provider[\"registry.terraform.io/hashicorp/aws\"]",
      "instances": [
        {
          "schema_version": 0,
          "attributes": {
            "access_token_validity": 60,
            "allowed_oauth_flows": [],
            "allowed_oauth_flows_user_pool_client": false,
            "allowed_oauth_scopes": [],
            "analytics_configuration": [],
            "auth_session_validity": 3,
            "callback_urls": [],
            "client_secret": "",
            "default_redirect_uri": "",
            "enable_propagate_additional_user_context_data": false,
            "enable_token_revocation": true,
            "explicit_auth_flows": [
              "ALLOW_REFRESH_TOKEN_AUTH",
              "ALLOW_USER_PASSWORD_AUTH",
              "ALLOW_USER_SRP_AUTH"
            ],
            "generate_secret": null,
            "id": "4lt5o3071l37jh4s18liilsp4m",
            "id_token_validity": 60,
            "logout_urls": [],
            "name": "vanessa-mudanca-web-client",
            "prevent_user_existence_errors": "ENABLED",
            "read_attributes": [
              "custom:role",
              "email",
              "email_verified",
              "name"
            ],
            "refresh_token_rotation": [],
            "refresh_token_validity": 30,
            "supported_identity_providers": [],
            "token_validity_units": [
              {
                "access_token": "minutes",
                "id_token": "minutes",
                "refresh_token": "days"
              }
            ],
            "user_pool_id": "sa-east-1_hXX8OVC7K",
            "write_attributes": [
              "custom:role",
              "email",
              "name"
            ]
          },
          "sensitive_attributes": [],
          "dependencies": [
            "aws_cognito_user_pool.main"
          ]
        }
      ]
    },
    {
      "mode": "managed",
      "type": "aws_cognito_user_pool_domain",
      "name": "main",
      "provider": "provider[\"registry.terraform.io/hashicorp/aws\"]",
      "instances": [
        {
          "schema_version": 0,
          "attributes": {
            "aws_account_id": "530184476864",
            "certificate_arn": "",
            "cloudfront_distribution": "dgay0d1ozp68.cloudfront.net",
            "cloudfront_distribution_arn": "dgay0d1ozp68.cloudfront.net",
            "cloudfront_distribution_zone_id": "Z2FDTNDATAQYW2",
            "domain": "vanessa-mudanca-auth-prod",
            "id": "vanessa-mudanca-auth-prod",
            "managed_login_version": 1,
            "s3_bucket": "aws-cognito-prod-gru-assets",
            "user_pool_id": "sa-east-1_hXX8OVC7K",
            "version": "20251105212145"
          },
          "sensitive_attributes": [],
          "private": "bnVsbA==",
          "dependencies": [
            "aws_cognito_user_pool.main"
          ]
        }
      ]
    },
    {
      "mode": "managed",
      "type": "aws_secretsmanager_secret",
      "name": "venda_core_m2m_credentials",
      "provider": "provider[\"registry.terraform.io/hashicorp/aws\"]",
      "instances": [
        {
          "schema_version": 0,
          "attributes": {
            "arn": "arn:aws:secretsmanager:sa-east-1:530184476864:secret:venda-core/prod/cognito-m2m-jwabsD",
            "description": "Cognito M2M credentials for venda-core to call cliente-core API",
            "force_overwrite_replica_secret": null,
            "id": "venda-core/prod/cognito-m2m",
            "kms_key_id": "",
            "name": "venda-core/prod/cognito-m2m",
            "name_prefix": "",
            "policy": "",
            "recovery_window_in_days": null,
            "replica": [],
            "tags": {},
            "tags_all": {}
          },
          "sensitive_attributes": [],
          "private": "eyJzY2hlbWFfdmVyc2lvbiI6IjAifQ=="
        }
      ]
    }
  ],
  "check_results": null
}
