{
  "version": 4,
  "terraform_version": "1.5.7",
  "serial": 1,
  "lineage": "67b8c1ae-f893-8983-a11d-849c508a5bef",
  "outputs": {
    "cognito_domain": {
      "value": "vanessa-mudanca-auth-prod.auth.sa-east-1.amazoncognito.com",
      "type": "string"
    }
  },
  "resources": [
    {
      "mode": "managed",
      "type": "aws_cognito_user_group",
      "name": "admin",
      "provider": "provider[\"registry.terraform.io/hashicorp/aws\"]",
      "instances": []
    },
    {
      "mode": "managed",
      "type": "aws_cognito_user_group",
      "name": "customer",
      "provider": "provider[\"registry.terraform.io/hashicorp/aws\"]",
      "instances": []
    },
    {
      "mode": "managed",
      "type": "aws_cognito_user_group",
      "name": "employee",
      "provider": "provider[\"registry.terraform.io/hashicorp/aws\"]",
      "instances": []
    },
    {
      "mode": "managed",
      "type": "aws_cognito_user_pool",
      "name": "main",
      "provider": "provider[\"registry.terraform.io/hashicorp/aws\"]",
      "instances": [
        {
          "status": "tainted",
          "schema_version": 0,
          "attributes": {
            "account_recovery_setting": [
              {
                "recovery_mechanism": [
                  {
                    "name": "verified_email",
                    "priority": 1
                  }
                ]
              }
            ],
            "admin_create_user_config": null,
            "alias_attributes": null,
            "arn": null,
            "auto_verified_attributes": [
              "email"
            ],
            "creation_date": null,
            "custom_domain": null,
            "deletion_protection": "INACTIVE",
            "device_configuration": [],
            "domain": null,
            "email_configuration": [
              {
                "configuration_set": "",
                "email_sending_account": "COGNITO_DEFAULT",
                "from_email_address": "",
                "reply_to_email_address": "",
                "source_arn": ""
              }
            ],
            "email_mfa_configuration": [],
            "email_verification_message": null,
            "email_verification_subject": null,
            "endpoint": null,
            "estimated_number_of_users": null,
            "id": "sa-east-1_aAkRgiHvG",
            "lambda_config": [],
            "last_modified_date": null,
            "mfa_configuration": "OPTIONAL",
            "name": "vanessa-mudanca-users-prod",
            "password_policy": [
              {
                "minimum_length": 8,
                "password_history_size": 0,
                "require_lowercase": true,
                "require_numbers": true,
                "require_symbols": true,
                "require_uppercase": true,
                "temporary_password_validity_days": 7
              }
            ],
            "schema": [
              {
                "attribute_data_type": "String",
                "developer_only_attribute": false,
                "mutable": true,
                "name": "role",
                "number_attribute_constraints": [],
                "required": null,
                "string_attribute_constraints": [
                  {
                    "max_length": "50",
                    "min_length": "1"
                  }
                ]
              },
              {
                "attribute_data_type": "String",
                "developer_only_attribute": null,
                "mutable": true,
                "name": "email",
                "number_attribute_constraints": [],
                "required": true,
                "string_attribute_constraints": [
                  {
                    "max_length": "255",
                    "min_length": "5"
                  }
                ]
              },
              {
                "attribute_data_type": "String",
                "developer_only_attribute": null,
                "mutable": true,
                "name": "name",
                "number_attribute_constraints": [],
                "required": true,
                "string_attribute_constraints": [
                  {
                    "max_length": "255",
                    "min_length": "1"
                  }
                ]
              }
            ],
            "sign_in_policy": null,
            "sms_authentication_message": null,
            "sms_configuration": null,
            "sms_verification_message": null,
            "software_token_mfa_configuration": [],
            "tags": {
              "Name": "vanessa-mudanca-user-pool-prod"
            },
            "tags_all": {
              "Environment": "prod",
              "Layer": "shared",
              "ManagedBy": "Terraform",
              "Name": "vanessa-mudanca-user-pool-prod",
              "Project": "va-nessa-mudanca"
            },
            "user_attribute_update_settings": [],
            "user_pool_add_ons": [],
            "user_pool_tier": null,
            "username_attributes": [
              "email"
            ],
            "username_configuration": null,
            "verification_message_template": null,
            "web_authn_configuration": []
          },
          "sensitive_attributes": [],
          "private": "bnVsbA=="
        }
      ]
    },
    {
      "mode": "managed",
      "type": "aws_cognito_user_pool_client",
      "name": "web_client",
      "provider": "provider[\"registry.terraform.io/hashicorp/aws\"]",
      "instances": []
    },
    {
      "mode": "managed",
      "type": "aws_cognito_user_pool_domain",
      "name": "main",
      "provider": "provider[\"registry.terraform.io/hashicorp/aws\"]",
      "instances": []
    }
  ],
  "check_results": null
}
